
Microsoft Visual Studio Solution File, Format Version 12.00
# Visual Studio Version 17
VisualStudioVersion = 17.14.36811.4 d17.14
MinimumVisualStudioVersion = 10.0.40219.1
Project("{FAE04EC0-301F-11D3-BF4B-00C04F79EFBC}") = "GuideMarket.Api", "GuideMarket.Api.csproj", "{203BBBAA-84C2-8304-D07F-782427D11786}"
EndProject
Global
	GlobalSection(SolutionConfigurationPlatforms) = preSolution
		Debug|Any CPU = Debug|Any CPU
		Release|Any CPU = Release|Any CPU
	EndGlobalSection
	GlobalSection(ProjectConfigurationPlatforms) = postSolution
		{203BBBAA-84C2-8304-D07F-782427D11786}.Debug|Any CPU.ActiveCfg = Debug|Any CPU
		{203BBBAA-84C2-8304-D07F-782427D11786}.Debug|Any CPU.Build.0 = Debug|Any CPU
		{203BBBAA-84C2-8304-D07F-782427D11786}.Release|Any CPU.ActiveCfg = Release|Any CPU
		{203BBBAA-84C2-8304-D07F-782427D11786}.Release|Any CPU.Build.0 = Release|Any CPU
	EndGlobalSection
	GlobalSection(SolutionProperties) = preSolution
		HideSolutionNode = FALSE
	EndGlobalSection
	GlobalSection(ExtensibilityGlobals) = postSolution
		SolutionGuid = {85F31777-EE54-4F5E-9713-ABD223E33ED4}
	EndGlobalSection
EndGlobal
